
Microsoft Visual Studio Solution File, Format Version 12.00
# Visual Studio Version 17
VisualStudioVersion = 17.2.32516.85
MinimumVisualStudioVersion = 10.0.40219.1
Project("{FAE04EC0-301F-11D3-BF4B-00C04F79EFBC}") = "BlackjackGame", "BlackjackGame\BlackjackGame.csproj", "{086CFBF9-B1F0-48BF-8902-FADD5EABD61B}"
EndProject
Project("{FAE04EC0-301F-11D3-BF4B-00C04F79EFBC}") = "BlackjackGameLibrary", "BlackjackGameLibrary\BlackjackGameLibrary.csproj", "{D9C07F27-B1CC-458F-BE48-3A611C9E6549}"
EndProject
Global
	GlobalSection(SolutionConfigurationPlatforms) = preSolution
		Debug|Any CPU = Debug|Any CPU
		Release|Any CPU = Release|Any CPU
	EndGlobalSection
	GlobalSection(ProjectConfigurationPlatforms) = postSolution
		{086CFBF9-B1F0-48BF-8902-FADD5EABD61B}.Debug|Any CPU.ActiveCfg = Debug|Any CPU
		{086CFBF9-B1F0-48BF-8902-FADD5EABD61B}.Debug|Any CPU.Build.0 = Debug|Any CPU
		{086CFBF9-B1F0-48BF-8902-FADD5EABD61B}.Release|Any CPU.ActiveCfg = Release|Any CPU
		{086CFBF9-B1F0-48BF-8902-FADD5EABD61B}.Release|Any CPU.Build.0 = Release|Any CPU
		{D9C07F27-B1CC-458F-BE48-3A611C9E6549}.Debug|Any CPU.ActiveCfg = Debug|Any CPU
		{D9C07F27-B1CC-458F-BE48-3A611C9E6549}.Debug|Any CPU.Build.0 = Debug|Any CPU
		{D9C07F27-B1CC-458F-BE48-3A611C9E6549}.Release|Any CPU.ActiveCfg = Release|Any CPU
		{D9C07F27-B1CC-458F-BE48-3A611C9E6549}.Release|Any CPU.Build.0 = Release|Any CPU
	EndGlobalSection
	GlobalSection(SolutionProperties) = preSolution
		HideSolutionNode = FALSE
	EndGlobalSection
	GlobalSection(ExtensibilityGlobals) = postSolution
		SolutionGuid = {DA7074C5-CFE0-43BB-8E50-8ABB806AB862}
	EndGlobalSection
EndGlobal
